{
  "object": {
    "pins": [
      {
        "package": "zlib",
        "repositoryURL": "https://github.com/Zewo/zlib.git",
        "state": {
          "branch": null,
          "revision": "4967a680a4e8cfbf167332dee7f0ec1043fd3b04",
          "version": "0.4.0"
        }
      }
    ]
  },
  "version": 1
}
